
Microsoft Visual Studio Solution File, Format Version 12.00
# Visual Studio Version 17
VisualStudioVersion = 17.10.34607.79
MinimumVisualStudioVersion = 10.0.40219.1
Project("{9A19103F-16F7-4668-BE54-9A1E7A4F7556}") = "TPFinalHaasEric", "App\TPFinalHaasEric.csproj", "{6C643A8F-DF73-4A88-B229-317461A33A53}"
EndProject
Project("{FAE04EC0-301F-11D3-BF4B-00C04F79EFBC}") = "App.Domain", "App.Domain\App.Domain.csproj", "{895D6CFA-1528-4225-80F2-DEE64F125681}"
EndProject
Project("{FAE04EC0-301F-11D3-BF4B-00C04F79EFBC}") = "App.Persistence", "App.Persistence\App.Persistence.csproj", "{D2038879-DCE0-45A5-BA44-69CE3D6AF73E}"
EndProject
Global
	GlobalSection(SolutionConfigurationPlatforms) = preSolution
		Debug|Any CPU = Debug|Any CPU
		Release|Any CPU = Release|Any CPU
	EndGlobalSection
	GlobalSection(ProjectConfigurationPlatforms) = postSolution
		{6C643A8F-DF73-4A88-B229-317461A33A53}.Debug|Any CPU.ActiveCfg = Debug|Any CPU
		{6C643A8F-DF73-4A88-B229-317461A33A53}.Debug|Any CPU.Build.0 = Debug|Any CPU
		{6C643A8F-DF73-4A88-B229-317461A33A53}.Release|Any CPU.ActiveCfg = Release|Any CPU
		{6C643A8F-DF73-4A88-B229-317461A33A53}.Release|Any CPU.Build.0 = Release|Any CPU
		{895D6CFA-1528-4225-80F2-DEE64F125681}.Debug|Any CPU.ActiveCfg = Debug|Any CPU
		{895D6CFA-1528-4225-80F2-DEE64F125681}.Debug|Any CPU.Build.0 = Debug|Any CPU
		{895D6CFA-1528-4225-80F2-DEE64F125681}.Release|Any CPU.ActiveCfg = Release|Any CPU
		{895D6CFA-1528-4225-80F2-DEE64F125681}.Release|Any CPU.Build.0 = Release|Any CPU
		{D2038879-DCE0-45A5-BA44-69CE3D6AF73E}.Debug|Any CPU.ActiveCfg = Debug|Any CPU
		{D2038879-DCE0-45A5-BA44-69CE3D6AF73E}.Debug|Any CPU.Build.0 = Debug|Any CPU
		{D2038879-DCE0-45A5-BA44-69CE3D6AF73E}.Release|Any CPU.ActiveCfg = Release|Any CPU
		{D2038879-DCE0-45A5-BA44-69CE3D6AF73E}.Release|Any CPU.Build.0 = Release|Any CPU
	EndGlobalSection
	GlobalSection(SolutionProperties) = preSolution
		HideSolutionNode = FALSE
	EndGlobalSection
	GlobalSection(ExtensibilityGlobals) = postSolution
		SolutionGuid = {26774A98-49AC-430D-9219-04A1445A8173}
	EndGlobalSection
EndGlobal
